
Microsoft Visual Studio Solution File, Format Version 12.00
# Visual Studio Version 16
VisualStudioVersion = 16.0.29424.173
MinimumVisualStudioVersion = 10.0.40219.1
Project("{FAE04EC0-301F-11D3-BF4B-00C04F79EFBC}") = "MyLeasing.Common", "MyLeasing.Common\MyLeasing.Common.csproj", "{B5EF0B12-9A57-48EE-A036-44B17B4102E2}"
EndProject
Project("{FAE04EC0-301F-11D3-BF4B-00C04F79EFBC}") = "MyLeasing.Web", "MyLeasing.Web\MyLeasing.Web.csproj", "{684D0BB3-3DAF-4274-A7BA-1A73E9465139}"
EndProject
Global
	GlobalSection(SolutionConfigurationPlatforms) = preSolution
		Debug|Any CPU = Debug|Any CPU
		Release|Any CPU = Release|Any CPU
	EndGlobalSection
	GlobalSection(ProjectConfigurationPlatforms) = postSolution
		{B5EF0B12-9A57-48EE-A036-44B17B4102E2}.Debug|Any CPU.ActiveCfg = Debug|Any CPU
		{B5EF0B12-9A57-48EE-A036-44B17B4102E2}.Debug|Any CPU.Build.0 = Debug|Any CPU
		{B5EF0B12-9A57-48EE-A036-44B17B4102E2}.Release|Any CPU.ActiveCfg = Release|Any CPU
		{B5EF0B12-9A57-48EE-A036-44B17B4102E2}.Release|Any CPU.Build.0 = Release|Any CPU
		{684D0BB3-3DAF-4274-A7BA-1A73E9465139}.Debug|Any CPU.ActiveCfg = Debug|Any CPU
		{684D0BB3-3DAF-4274-A7BA-1A73E9465139}.Debug|Any CPU.Build.0 = Debug|Any CPU
		{684D0BB3-3DAF-4274-A7BA-1A73E9465139}.Release|Any CPU.ActiveCfg = Release|Any CPU
		{684D0BB3-3DAF-4274-A7BA-1A73E9465139}.Release|Any CPU.Build.0 = Release|Any CPU
	EndGlobalSection
	GlobalSection(SolutionProperties) = preSolution
		HideSolutionNode = FALSE
	EndGlobalSection
	GlobalSection(ExtensibilityGlobals) = postSolution
		SolutionGuid = {ED3B13CD-E830-4E45-809C-F089BE221513}
	EndGlobalSection
EndGlobal
